// !$*UTF8*$!
{
	archiveVersion = 1;
	classes = {
	};
	objectVersion = 56;
	objects = {

/* Begin PBXBuildFile section */
		047AEEEE2AF75BC500D1C8B0 /* AppDelegate.swift in Sources */ = {isa = PBXBuildFile; fileRef = 047AEEED2AF75BC500D1C8B0 /* AppDelegate.swift */; };
		047AEEF02AF75BC500D1C8B0 /* SceneDelegate.swift in Sources */ = {isa = PBXBuildFile; fileRef = 047AEEEF2AF75BC500D1C8B0 /* SceneDelegate.swift */; };
		047AEEF22AF75BC500D1C8B0 /* ViewController.swift in Sources */ = {isa = PBXBuildFile; fileRef = 047AEEF12AF75BC500D1C8B0 /* ViewController.swift */; };
		047AEEF52AF75BC500D1C8B0 /* Main.storyboard in Resources */ = {isa = PBXBuildFile; fileRef = 047AEEF32AF75BC500D1C8B0 /* Main.storyboard */; };
		047AEEF72AF75BC600D1C8B0 /* Assets.xcassets in Resources */ = {isa = PBXBuildFile; fileRef = 047AEEF62AF75BC600D1C8B0 /* Assets.xcassets */; };
		047AEEFA2AF75BC600D1C8B0 /* LaunchScreen.storyboard in Resources */ = {isa = PBXBuildFile; fileRef = 047AEEF82AF75BC600D1C8B0 /* LaunchScreen.storyboard */; };
		0C059BC1109D8230F9B5C0CF /* libPods-OpenAIDemo.a in Frameworks */ = {isa = PBXBuildFile; fileRef = AAB1FB11135BE381160220A6 /* libPods-OpenAIDemo.a */; };
/* End PBXBuildFile section */

/* Begin PBXFileReference section */
		047AEEEA2AF75BC500D1C8B0 /* OpenAIDemo.app */ = {isa = PBXFileReference; explicitFileType = wrapper.application; includeInIndex = 0; path = OpenAIDemo.app; sourceTree = BUILT_PRODUCTS_DIR; };
		047AEEED2AF75BC500D1C8B0 /* AppDelegate.swift */ = {isa = PBXFileReference; lastKnownFileType = sourcecode.swift; path = AppDelegate.swift; sourceTree = "<group>"; };
		047AEEEF2AF75BC500D1C8B0 /* SceneDelegate.swift */ = {isa = PBXFileReference; lastKnownFileType = sourcecode.swift; path = SceneDelegate.swift; sourceTree = "<group>"; };
		047AEEF12AF75BC500D1C8B0 /* ViewController.swift */ = {isa = PBXFileReference; lastKnownFileType = sourcecode.swift; path = ViewController.swift; sourceTree = "<group>"; };
		047AEEF42AF75BC500D1C8B0 /* Base */ = {isa = PBXFileReference; lastKnownFileType = file.storyboard; name = Base; path = Base.lproj/Main.storyboard; sourceTree = "<group>"; };
		047AEEF62AF75BC600D1C8B0 /* Assets.xcassets */ = {isa = PBXFileReference; lastKnownFileType = folder.assetcatalog; path = Assets.xcassets; sourceTree = "<group>"; };
		047AEEF92AF75BC600D1C8B0 /* Base */ = {isa = PBXFileReference; lastKnownFileType = file.storyboard; name = Base; path = Base.lproj/LaunchScreen.storyboard; sourceTree = "<group>"; };
		047AEEFB2AF75BC600D1C8B0 /* Info.plist */ = {isa = PBXFileReference; lastKnownFileType = text.plist.xml; path = Info.plist; sourceTree = "<group>"; };
		45E4367B01FD064BE1271384 /* Pods-OpenAIDemo.debug.xcconfig */ = {isa = PBXFileReference; includeInIndex = 1; lastKnownFileType = text.xcconfig; name = "Pods-OpenAIDemo.debug.xcconfig"; path = "Target Support Files/Pods-OpenAIDemo/Pods-OpenAIDemo.debug.xcconfig"; sourceTree = "<group>"; };
		4FCD57F713DCB7815E52227F /* Pods-OpenAIDemo.release.xcconfig */ = {isa = PBXFileReference; includeInIndex = 1; lastKnownFileType = text.xcconfig; name = "Pods-OpenAIDemo.release.xcconfig"; path = "Target Support Files/Pods-OpenAIDemo/Pods-OpenAIDemo.release.xcconfig"; sourceTree = "<group>"; };
		AAB1FB11135BE381160220A6 /* libPods-OpenAIDemo.a */ = {isa = PBXFileReference; explicitFileType = archive.ar; includeInIndex = 0; path = "libPods-OpenAIDemo.a"; sourceTree = BUILT_PRODUCTS_DIR; };
/* End PBXFileReference section */

/* Begin PBXFrameworksBuildPhase section */
		047AEEE72AF75BC500D1C8B0 /* Frameworks */ = {
			isa = PBXFrameworksBuildPhase;
			buildActionMask = 2147483647;
			files = (
				0C059BC1109D8230F9B5C0CF /* libPods-OpenAIDemo.a in Frameworks */,
			);
			runOnlyForDeploymentPostprocessing = 0;
		};
/* End PBXFrameworksBuildPhase section */

/* Begin PBXGroup section */
		047AEEE12AF75BC500D1C8B0 = {
			isa = PBXGroup;
			children = (
				047AEEEC2AF75BC500D1C8B0 /* OpenAIDemo */,
				047AEEEB2AF75BC500D1C8B0 /* Products */,
				F0796CFD3044690A4D24BCE5 /* Pods */,
				AB1FE23A83090AED5CBCAD53 /* Frameworks */,
			);
			sourceTree = "<group>";
		};
		047AEEEB2AF75BC500D1C8B0 /* Products */ = {
			isa = PBXGroup;
			children = (
				047AEEEA2AF75BC500D1C8B0 /* OpenAIDemo.app */,
			);
			name = Products;
			sourceTree = "<group>";
		};
		047AEEEC2AF75BC500D1C8B0 /* OpenAIDemo */ = {
			isa = PBXGroup;
			children = (
				047AEEED2AF75BC500D1C8B0 /* AppDelegate.swift */,
				047AEEEF2AF75BC500D1C8B0 /* SceneDelegate.swift */,
				047AEEF12AF75BC500D1C8B0 /* ViewController.swift */,
				047AEEF32AF75BC500D1C8B0 /* Main.storyboard */,
				047AEEF62AF75BC600D1C8B0 /* Assets.xcassets */,
				047AEEF82AF75BC600D1C8B0 /* LaunchScreen.storyboard */,
				047AEEFB2AF75BC600D1C8B0 /* Info.plist */,
			);
			path = OpenAIDemo;
			sourceTree = "<group>";
		};
		AB1FE23A83090AED5CBCAD53 /* Frameworks */ = {
			isa = PBXGroup;
			children = (
				AAB1FB11135BE381160220A6 /* libPods-OpenAIDemo.a */,
			);
			name = Frameworks;
			sourceTree = "<group>";
		};
		F0796CFD3044690A4D24BCE5 /* Pods */ = {
			isa = PBXGroup;
			children = (
				45E4367B01FD064BE1271384 /* Pods-OpenAIDemo.debug.xcconfig */,
				4FCD57F713DCB7815E52227F /* Pods-OpenAIDemo.release.xcconfig */,
			);
			name = Pods;
			path = Pods;
			sourceTree = "<group>";
		};
/* End PBXGroup section */

/* Begin PBXNativeTarget section */
		047AEEE92AF75BC500D1C8B0 /* OpenAIDemo */ = {
			isa = PBXNativeTarget;
			buildConfigurationList = 047AEEFE2AF75BC600D1C8B0 /* Build configuration list for PBXNativeTarget "OpenAIDemo" */;
			buildPhases = (
				B20D734870FAF54FCD830079 /* [CP] Check Pods Manifest.lock */,
				047AEEE62AF75BC500D1C8B0 /* Sources */,
				047AEEE72AF75BC500D1C8B0 /* Frameworks */,
				047AEEE82AF75BC500D1C8B0 /* Resources */,
			);
			buildRules = (
			);
			dependencies = (
			);
			name = OpenAIDemo;
			productName = OpenAIDemo;
			productReference = 047AEEEA2AF75BC500D1C8B0 /* OpenAIDemo.app */;
			productType = "com.apple.product-type.application";
		};
/* End PBXNativeTarget section */

/* Begin PBXProject section */
		047AEEE22AF75BC500D1C8B0 /* Project object */ = {
			isa = PBXProject;
			attributes = {
				BuildIndependentTargetsInParallel = 1;
				LastSwiftUpdateCheck = 1430;
				LastUpgradeCheck = 1430;
				TargetAttributes = {
					047AEEE92AF75BC500D1C8B0 = {
						CreatedOnToolsVersion = 14.3.1;
					};
				};
			};
			buildConfigurationList = 047AEEE52AF75BC500D1C8B0 /* Build configuration list for PBXProject "OpenAIDemo" */;
			compatibilityVersion = "Xcode 14.0";
			developmentRegion = en;
			hasScannedForEncodings = 0;
			knownRegions = (
				en,
				Base,
			);
			mainGroup = 047AEEE12AF75BC500D1C8B0;
			productRefGroup = 047AEEEB2AF75BC500D1C8B0 /* Products */;
			projectDirPath = "";
			projectRoot = "";
			targets = (
				047AEEE92AF75BC500D1C8B0 /* OpenAIDemo */,
			);
		};
/* End PBXProject section */

/* Begin PBXResourcesBuildPhase section */
		047AEEE82AF75BC500D1C8B0 /* Resources */ = {
			isa = PBXResourcesBuildPhase;
			buildActionMask = 2147483647;
			files = (
				047AEEFA2AF75BC600D1C8B0 /* LaunchScreen.storyboard in Resources */,
				047AEEF72AF75BC600D1C8B0 /* Assets.xcassets in Resources */,
				047AEEF52AF75BC500D1C8B0 /* Main.storyboard in Resources */,
			);
			runOnlyForDeploymentPostprocessing = 0;
		};
/* End PBXResourcesBuildPhase section */

/* Begin PBXShellScriptBuildPhase section */
		B20D734870FAF54FCD830079 /* [CP] Check Pods Manifest.lock */ = {
			isa = PBXShellScriptBuildPhase;
			buildActionMask = 2147483647;
			files = (
			);
			inputFileListPaths = (
			);
			inputPaths = (
				"${PODS_PODFILE_DIR_PATH}/Podfile.lock",
				"${PODS_ROOT}/Manifest.lock",
			);
			name = "[CP] Check Pods Manifest.lock";
			outputFileListPaths = (
			);
			outputPaths = (
				"$(DERIVED_FILE_DIR)/Pods-OpenAIDemo-checkManifestLockResult.txt",
			);
			runOnlyForDeploymentPostprocessing = 0;
			shellPath = /bin/sh;
			shellScript = "diff \"${PODS_PODFILE_DIR_PATH}/Podfile.lock\" \"${PODS_ROOT}/Manifest.lock\" > /dev/null\nif [ $? != 0 ] ; then\n    # print error to STDERR\n    echo \"error: The sandbox is not in sync with the Podfile.lock. Run 'pod install' or update your CocoaPods installation.\" >&2\n    exit 1\nfi\n# This output is used by Xcode 'outputs' to avoid re-running this script phase.\necho \"SUCCESS\" > \"${SCRIPT_OUTPUT_FILE_0}\"\n";
			showEnvVarsInLog = 0;
		};
/* End PBXShellScriptBuildPhase section */

/* Begin PBXSourcesBuildPhase section */
		047AEEE62AF75BC500D1C8B0 /* Sources */ = {
			isa = PBXSourcesBuildPhase;
			buildActionMask = 2147483647;
			files = (
				047AEEF22AF75BC500D1C8B0 /* ViewController.swift in Sources */,
				047AEEEE2AF75BC500D1C8B0 /* AppDelegate.swift in Sources */,
				047AEEF02AF75BC500D1C8B0 /* SceneDelegate.swift in Sources */,
			);
			runOnlyForDeploymentPostprocessing = 0;
		};
/* End PBXSourcesBuildPhase section */

/* Begin PBXVariantGroup section */
		047AEEF32AF75BC500D1C8B0 /* Main.storyboard */ = {
			isa = PBXVariantGroup;
			children = (
				047AEEF42AF75BC500D1C8B0 /* Base */,
			);
			name = Main.storyboard;
			sourceTree = "<group>";
		};
		047AEEF82AF75BC600D1C8B0 /* LaunchScreen.storyboard */ = {
			isa = PBXVariantGroup;
			children = (
				047AEEF92AF75BC600D1C8B0 /* Base */,
			);
			name = LaunchScreen.storyboard;
			sourceTree = "<group>";
		};
/* End PBXVariantGroup section */

/* Begin XCBuildConfiguration section */
		047AEEFC2AF75BC600D1C8B0 /* Debug */ = {
			isa = XCBuildConfiguration;
			buildSettings = {
				ALWAYS_SEARCH_USER_PATHS = NO;
				CLANG_ANALYZER_NONNULL = YES;
				CLANG_ANALYZER_NUMBER_OBJECT_CONVERSION = YES_AGGRESSIVE;
				CLANG_CXX_LANGUAGE_STANDARD = "gnu++20";
				CLANG_ENABLE_MODULES = YES;
				CLANG_ENABLE_OBJC_ARC = YES;
				CLANG_ENABLE_OBJC_WEAK = YES;
				CLANG_WARN_BLOCK_CAPTURE_AUTORELEASING = YES;
				CLANG_WARN_BOOL_CONVERSION = YES;
				CLANG_WARN_COMMA = YES;
				CLANG_WARN_CONSTANT_CONVERSION = YES;
				CLANG_WARN_DEPRECATED_OBJC_IMPLEMENTATIONS = YES;
				CLANG_WARN_DIRECT_OBJC_ISA_USAGE = YES_ERROR;
				CLANG_WARN_DOCUMENTATION_COMMENTS = YES;
				CLANG_WARN_EMPTY_BODY = YES;
				CLANG_WARN_ENUM_CONVERSION = YES;
				CLANG_WARN_INFINITE_RECURSION = YES;
				CLANG_WARN_INT_CONVERSION = YES;
				CLANG_WARN_NON_LITERAL_NULL_CONVERSION = YES;
				CLANG_WARN_OBJC_IMPLICIT_RETAIN_SELF = YES;
				CLANG_WARN_OBJC_LITERAL_CONVERSION = YES;
				CLANG_WARN_OBJC_ROOT_CLASS = YES_ERROR;
				CLANG_WARN_QUOTED_INCLUDE_IN_FRAMEWORK_HEADER = YES;
				CLANG_WARN_RANGE_LOOP_ANALYSIS = YES;
				CLANG_WARN_STRICT_PROTOTYPES = YES;
				CLANG_WARN_SUSPICIOUS_MOVE = YES;
				CLANG_WARN_UNGUARDED_AVAILABILITY = YES_AGGRESSIVE;
				CLANG_WARN_UNREACHABLE_CODE = YES;
				CLANG_WARN__DUPLICATE_METHOD_MATCH = YES;
				COPY_PHASE_STRIP = NO;
				DEBUG_INFORMATION_FORMAT = dwarf;
				ENABLE_STRICT_OBJC_MSGSEND = YES;
				ENABLE_TESTABILITY = YES;
				GCC_C_LANGUAGE_STANDARD = gnu11;
				GCC_DYNAMIC_NO_PIC = NO;
				GCC_NO_COMMON_BLOCKS = YES;
				GCC_OPTIMIZATION_LEVEL = 0;
				GCC_PREPROCESSOR_DEFINITIONS = (
					"DEBUG=1",
					"$(inherited)",
				);
				GCC_WARN_64_TO_32_BIT_CONVERSION = YES;
				GCC_WARN_ABOUT_RETURN_TYPE = YES_ERROR;
				GCC_WARN_UNDECLARED_SELECTOR = YES;
				GCC_WARN_UNINITIALIZED_AUTOS = YES_AGGRESSIVE;
				GCC_WARN_UNUSED_FUNCTION = YES;
				GCC_WARN_UNUSED_VARIABLE = YES;
				IPHONEOS_DEPLOYMENT_TARGET = 16.4;
				MTL_ENABLE_DEBUG_INFO = INCLUDE_SOURCE;
				MTL_FAST_MATH = YES;
				ONLY_ACTIVE_ARCH = YES;
				SDKROOT = iphoneos;
				SWIFT_ACTIVE_COMPILATION_CONDITIONS = DEBUG;
				SWIFT_OPTIMIZATION_LEVEL = "-Onone";
			};
			name = Debug;
		};
		047AEEFD2AF75BC600D1C8B0 /* Release */ = {
			isa = XCBuildConfiguration;
			buildSettings = {
				ALWAYS_SEARCH_USER_PATHS = NO;
				CLANG_ANALYZER_NONNULL = YES;
				CLANG_ANALYZER_NUMBER_OBJECT_CONVERSION = YES_AGGRESSIVE;
				CLANG_CXX_LANGUAGE_STANDARD = "gnu++20";
				CLANG_ENABLE_MODULES = YES;
				CLANG_ENABLE_OBJC_ARC = YES;
				CLANG_ENABLE_OBJC_WEAK = YES;
				CLANG_WARN_BLOCK_CAPTURE_AUTORELEASING = YES;
				CLANG_WARN_BOOL_CONVERSION = YES;
				CLANG_WARN_COMMA = YES;
				CLANG_WARN_CONSTANT_CONVERSION = YES;
				CLANG_WARN_DEPRECATED_OBJC_IMPLEMENTATIONS = YES;
				CLANG_WARN_DIRECT_OBJC_ISA_USAGE = YES_ERROR;
				CLANG_WARN_DOCUMENTATION_COMMENTS = YES;
				CLANG_WARN_EMPTY_BODY = YES;
				CLANG_WARN_ENUM_CONVERSION = YES;
				CLANG_WARN_INFINITE_RECURSION = YES;
				CLANG_WARN_INT_CONVERSION = YES;
				CLANG_WARN_NON_LITERAL_NULL_CONVERSION = YES;
				CLANG_WARN_OBJC_IMPLICIT_RETAIN_SELF = YES;
				CLANG_WARN_OBJC_LITERAL_CONVERSION = YES;
				CLANG_WARN_OBJC_ROOT_CLASS = YES_ERROR;
				CLANG_WARN_QUOTED_INCLUDE_IN_FRAMEWORK_HEADER = YES;
				CLANG_WARN_RANGE_LOOP_ANALYSIS = YES;
				CLANG_WARN_STRICT_PROTOTYPES = YES;
				CLANG_WARN_SUSPICIOUS_MOVE = YES;
				CLANG_WARN_UNGUARDED_AVAILABILITY = YES_AGGRESSIVE;
				CLANG_WARN_UNREACHABLE_CODE = YES;
				CLANG_WARN__DUPLICATE_METHOD_MATCH = YES;
				COPY_PHASE_STRIP = NO;
				DEBUG_INFORMATION_FORMAT = "dwarf-with-dsym";
				ENABLE_NS_ASSERTIONS = NO;
				ENABLE_STRICT_OBJC_MSGSEND = YES;
				GCC_C_LANGUAGE_STANDARD = gnu11;
				GCC_NO_COMMON_BLOCKS = YES;
				GCC_WARN_64_TO_32_BIT_CONVERSION = YES;
				GCC_WARN_ABOUT_RETURN_TYPE = YES_ERROR;
				GCC_WARN_UNDECLARED_SELECTOR = YES;
				GCC_WARN_UNINITIALIZED_AUTOS = YES_AGGRESSIVE;
				GCC_WARN_UNUSED_FUNCTION = YES;
				GCC_WARN_UNUSED_VARIABLE = YES;
				IPHONEOS_DEPLOYMENT_TARGET = 16.4;
				MTL_ENABLE_DEBUG_INFO = NO;
				MTL_FAST_MATH = YES;
				SDKROOT = iphoneos;
				SWIFT_COMPILATION_MODE = wholemodule;
				SWIFT_OPTIMIZATION_LEVEL = "-O";
				VALIDATE_PRODUCT = YES;
			};
			name = Release;
		};
		047AEEFF2AF75BC600D1C8B0 /* Debug */ = {
			isa = XCBuildConfiguration;
			baseConfigurationReference = 45E4367B01FD064BE1271384 /* Pods-OpenAIDemo.debug.xcconfig */;
			buildSettings = {
				ASSETCATALOG_COMPILER_APPICON_NAME = AppIcon;
				ASSETCATALOG_COMPILER_GLOBAL_ACCENT_COLOR_NAME = AccentColor;
				CODE_SIGN_STYLE = Automatic;
				CURRENT_PROJECT_VERSION = 1;
				GENERATE_INFOPLIST_FILE = YES;
				INFOPLIST_FILE = OpenAIDemo/Info.plist;
				INFOPLIST_KEY_UIApplicationSupportsIndirectInputEvents = YES;
				INFOPLIST_KEY_UILaunchStoryboardName = LaunchScreen;
				INFOPLIST_KEY_UIMainStoryboardFile = Main;
				INFOPLIST_KEY_UISupportedInterfaceOrientations_iPad = "UIInterfaceOrientationPortrait UIInterfaceOrientationPortraitUpsideDown UIInterfaceOrientationLandscapeLeft UIInterfaceOrientationLandscapeRight";
				INFOPLIST_KEY_UISupportedInterfaceOrientations_iPhone = "UIInterfaceOrientationPortrait UIInterfaceOrientationLandscapeLeft UIInterfaceOrientationLandscapeRight";
				LD_RUNPATH_SEARCH_PATHS = (
					"$(inherited)",
					"@executable_path/Frameworks",
				);
				MARKETING_VERSION = 1.0;
				PRODUCT_BUNDLE_IDENTIFIER = com.ios.peiwan.OpenAIDemo;
				PRODUCT_NAME = "$(TARGET_NAME)";
				SWIFT_EMIT_LOC_STRINGS = YES;
				SWIFT_VERSION = 5.0;
				TARGETED_DEVICE_FAMILY = "1,2";
			};
			name = Debug;
		};
		047AEF002AF75BC600D1C8B0 /* Release */ = {
			isa = XCBuildConfiguration;
			baseConfigurationReference = 4FCD57F713DCB7815E52227F /* Pods-OpenAIDemo.release.xcconfig */;
			buildSettings = {
				ASSETCATALOG_COMPILER_APPICON_NAME = AppIcon;
				ASSETCATALOG_COMPILER_GLOBAL_ACCENT_COLOR_NAME = AccentColor;
				CODE_SIGN_STYLE = Automatic;
				CURRENT_PROJECT_VERSION = 1;
				GENERATE_INFOPLIST_FILE = YES;
				INFOPLIST_FILE = OpenAIDemo/Info.plist;
				INFOPLIST_KEY_UIApplicationSupportsIndirectInputEvents = YES;
				INFOPLIST_KEY_UILaunchStoryboardName = LaunchScreen;
				INFOPLIST_KEY_UIMainStoryboardFile = Main;
				INFOPLIST_KEY_UISupportedInterfaceOrientations_iPad = "UIInterfaceOrientationPortrait UIInterfaceOrientationPortraitUpsideDown UIInterfaceOrientationLandscapeLeft UIInterfaceOrientationLandscapeRight";
				INFOPLIST_KEY_UISupportedInterfaceOrientations_iPhone = "UIInterfaceOrientationPortrait UIInterfaceOrientationLandscapeLeft UIInterfaceOrientationLandscapeRight";
				LD_RUNPATH_SEARCH_PATHS = (
					"$(inherited)",
					"@executable_path/Frameworks",
				);
				MARKETING_VERSION = 1.0;
				PRODUCT_BUNDLE_IDENTIFIER = com.ios.peiwan.OpenAIDemo;
				PRODUCT_NAME = "$(TARGET_NAME)";
				SWIFT_EMIT_LOC_STRINGS = YES;
				SWIFT_VERSION = 5.0;
				TARGETED_DEVICE_FAMILY = "1,2";
			};
			name = Release;
		};
/* End XCBuildConfiguration section */

/* Begin XCConfigurationList section */
		047AEEE52AF75BC500D1C8B0 /* Build configuration list for PBXProject "OpenAIDemo" */ = {
			isa = XCConfigurationList;
			buildConfigurations = (
				047AEEFC2AF75BC600D1C8B0 /* Debug */,
				047AEEFD2AF75BC600D1C8B0 /* Release */,
			);
			defaultConfigurationIsVisible = 0;
			defaultConfigurationName = Release;
		};
		047AEEFE2AF75BC600D1C8B0 /* Build configuration list for PBXNativeTarget "OpenAIDemo" */ = {
			isa = XCConfigurationList;
			buildConfigurations = (
				047AEEFF2AF75BC600D1C8B0 /* Debug */,
				047AEF002AF75BC600D1C8B0 /* Release */,
			);
			defaultConfigurationIsVisible = 0;
			defaultConfigurationName = Release;
		};
/* End XCConfigurationList section */
	};
	rootObject = 047AEEE22AF75BC500D1C8B0 /* Project object */;
}
